Microsoft Visual Studio Solution File, Format Version 11.00
# Visual Studio 2008

Project("{551D8EFC-86E5-5335-8513-32E52536A387}") = "Animator", "Assembly-CSharp.csproj", "{D082250A-A994-588E-F182-C685E864FED7}"
EndProject
Global
	GlobalSection(SolutionConfigurationPlatforms) = preSolution
		Debug|Any CPU = Debug|Any CPU
		Release|Any CPU = Release|Any CPU
	EndGlobalSection
	GlobalSection(ProjectConfigurationPlatforms) = postSolution
		{D082250A-A994-588E-F182-C685E864FED7}.Debug|Any CPU.ActiveCfg = Debug|Any CPU
		{D082250A-A994-588E-F182-C685E864FED7}.Debug|Any CPU.Build.0 = Debug|Any CPU
		{D082250A-A994-588E-F182-C685E864FED7}.Release|Any CPU.ActiveCfg = Release|Any CPU
		{D082250A-A994-588E-F182-C685E864FED7}.Release|Any CPU.Build.0 = Release|Any CPU
	EndGlobalSection
	GlobalSection(SolutionProperties) = preSolution
		HideSolutionNode = FALSE
	EndGlobalSection
	GlobalSection(MonoDevelopProperties) = preSolution
		StartupItem = Assembly-CSharp.csproj
	EndGlobalSection
EndGlobal
